{
    "_readme": [
        "This file locks the dependencies of your project to a known state",
        "Read more about it at http://getcomposer.org/doc/01-basic-usage.md#composer-lock-the-lock-file",
        "This file is @generated automatically"
    ],
    "hash": "0a1c5c8e4f7c08037ca6edb5770748fc",
    "packages": [
        {
            "name": "halilim/xml-iterator",
            "version": "1.0.0",
            "source": {
                "type": "git",
                "url": "https://github.com/halilim/xml-iterator.git",
                "reference": "7e336d534c5cdcb258d5929406e72c6d4057a7d6"
            },
            "dist": {
                "type": "zip",
                "url": "https://api.github.com/repos/halilim/xml-iterator/zipball/7e336d534c5cdcb258d5929406e72c6d4057a7d6",
                "reference": "7e336d534c5cdcb258d5929406e72c6d4057a7d6",
                "shasum": ""
            },
            "require": {
                "ext-dom": "*",
                "ext-simplexml": "*",
                "ext-spl": "*",
                "ext-xmlreader": "*",
                "php": ">=5.3"
            },
            "type": "library",
            "autoload": {
                "psr-0": {
                    "XmlIterator": "."
                }
            },
            "notification-url": "https://packagist.org/downloads/",
            "license": [
                "MIT"
            ],
            "authors": [
                {
                    "name": "Halil Özgür",
                    "email": "halil@ozgur.gmail.com"
                }
            ],
            "description": "XML Reader to simplexml/array iterator with low memory usage and an acceptable level of ease of use.",
            "keywords": [
                "SimpleXML",
                "XMLReader",
                "iterator",
                "xml"
            ],
            "time": "2014-11-30 22:03:55"
        }
    ],
    "packages-dev": [],
    "aliases": [],
    "minimum-stability": "stable",
    "stability-flags": [],
    "prefer-stable": false,
    "prefer-lowest": false,
    "platform": [],
    "platform-dev": []
}
